<?xml version="1.0" encoding="utf-8"?>
<Project ToolsVersion="4.0" xmlns="http://schemas.microsoft.com/developer/msbuild/2003">
  <ItemGroup>
    <Filter Include="imgui">
      <UniqueIdentifier>{20b90ce4-7fcb-4731-b9a0-075f875de82d}</UniqueIdentifier>
    </Filter>
    <Filter Include="sources">
      <UniqueIdentifier>{f18ab499-84e1-499f-8eff-9754361e0e52}</UniqueIdentifier>
      <Extensions>cpp;c;cc;cxx;def;odl;idl;hpj;bat;asm;asmx</Extensions>
    </Filter>
    <Filter Include="assets">
      <UniqueIdentifier>{4c182bbd-c270-419e-ad39-06e394ede9a9}</UniqueIdentifier>
    </Filter>
  </ItemGroup>
  <ItemGroup>
    <ClCompile Include="..\external\imgui\imgui.cpp">
      <Filter>imgui</Filter>
    </ClCompile>
    <ClCompile Include="..\external\imgui\imgui_demo.cpp">
      <Filter>imgui</Filter>
    </ClCompile>
    <ClCompile Include="..\external\imgui\imgui_draw.cpp">
      <Filter>imgui</Filter>
    </ClCompile>
    <ClCompile Include="..\external\imgui\imgui_tables.cpp">
      <Filter>imgui</Filter>
    </ClCompile>
    <ClCompile Include="..\external\imgui\imgui_widgets.cpp">
      <Filter>imgui</Filter>
    </ClCompile>
    <ClCompile Include="..\external\imgui\backends\imgui_impl_glfw.cpp">
      <Filter>sources</Filter>
    </ClCompile>
    <ClCompile Include="..\external\imgui\backends\imgui_impl_opengl3.cpp">
      <Filter>sources</Filter>
    </ClCompile>
    <ClCompile Include="glad.c">
      <Filter>sources</Filter>
    </ClCompile>
    <ClCompile Include="..\..\raycaster\source\fastCode.iwram.cpp">
      <Filter>sources</Filter>
    </ClCompile>
    <ClCompile Include="..\..\raycaster\source\main.cpp">
      <Filter>sources</Filter>
    </ClCompile>
    <ClCompile Include="..\..\raycaster\source\SectorRasterizer.cpp">
      <Filter>sources</Filter>
    </ClCompile>
    <ClCompile Include="..\..\raycaster\source\SectorRasterizer.iwram.cpp">
      <Filter>sources</Filter>
    </ClCompile>
    <ClCompile Include="..\..\raycaster\assets\mercury.wad.cpp">
      <Filter>assets</Filter>
    </ClCompile>
    <ClCompile Include="..\..\raycaster\assets\portaltest.wad.cpp">
      <Filter>assets</Filter>
    </ClCompile>
    <ClCompile Include="..\..\raycaster\assets\test.wad.cpp">
      <Filter>assets</Filter>
    </ClCompile>
  </ItemGroup>
  <ItemGroup>
    <ClInclude Include="..\..\backends\imgui_impl_opengl3_loader.h">
      <Filter>sources</Filter>
    </ClInclude>
    <ClInclude Include="..\external\imgui\imgui.h">
      <Filter>imgui</Filter>
    </ClInclude>
    <ClInclude Include="..\external\imgui\imconfig.h">
      <Filter>imgui</Filter>
    </ClInclude>
    <ClInclude Include="..\external\imgui\imgui_internal.h">
      <Filter>imgui</Filter>
    </ClInclude>
    <ClInclude Include="..\external\imgui\backends\imgui_impl_glfw.h">
      <Filter>sources</Filter>
    </ClInclude>
    <ClInclude Include="..\external\imgui\backends\imgui_impl_opengl3.h">
      <Filter>sources</Filter>
    </ClInclude>
    <ClInclude Include="..\..\raycaster\include\raycaster.h">
      <Filter>sources</Filter>
    </ClInclude>
    <ClInclude Include="..\..\raycaster\include\SectorRasterizer.h">
      <Filter>sources</Filter>
    </ClInclude>
    <ClInclude Include="..\..\raycaster\include\WAD.h">
      <Filter>sources</Filter>
    </ClInclude>
  </ItemGroup>
  <ItemGroup>
    <None Include="..\README.txt" />
  </ItemGroup>
</Project>